Microsoft Visual Studio Solution File, Format Version 12.00
# Visual Studio Version 16
VisualStudioVersion = 16.0.0.0
MinimumVisualStudioVersion = 16.0.0.0
Project("{9A19103F-16F7-4668-BE54-9A1E7A4F7556}") = "facturacion_2023.Server", "Server\facturacion_2023.Server.csproj", "{C464B974-796E-4442-8BB5-68CF5421DD48}"
EndProject
Project("{9A19103F-16F7-4668-BE54-9A1E7A4F7556}") = "facturacion_2023.Client", "Client\facturacion_2023.Client.csproj", "{0B85597D-1EF6-496F-A750-F034E312B2D4}"
EndProject
Project("{9A19103F-16F7-4668-BE54-9A1E7A4F7556}") = "facturacion_2023.Shared", "Shared\facturacion_2023.Shared.csproj", "{5CFE739C-082A-4F82-BEA0-82285E9E5999}"
EndProject
Global
	GlobalSection(SolutionConfigurationPlatforms) = preSolution
		Debug|Any CPU = Debug|Any CPU
		Debug|x64 = Debug|x64
		Debug|x86 = Debug|x86
		Release|Any CPU = Release|Any CPU
		Release|x64 = Release|x64
		Release|x86 = Release|x86
	EndGlobalSection
	GlobalSection(ProjectConfigurationPlatforms) = postSolution
		{0B85597D-1EF6-496F-A750-F034E312B2D4}.Debug|Any CPU.ActiveCfg = Debug|Any CPU
		{0B85597D-1EF6-496F-A750-F034E312B2D4}.Debug|Any CPU.Build.0 = Debug|Any CPU
		{0B85597D-1EF6-496F-A750-F034E312B2D4}.Debug|x64.ActiveCfg = Debug|Any CPU
		{0B85597D-1EF6-496F-A750-F034E312B2D4}.Debug|x64.Build.0 = Debug|Any CPU
		{0B85597D-1EF6-496F-A750-F034E312B2D4}.Debug|x86.ActiveCfg = Debug|Any CPU
		{0B85597D-1EF6-496F-A750-F034E312B2D4}.Debug|x86.Build.0 = Debug|Any CPU
		{0B85597D-1EF6-496F-A750-F034E312B2D4}.Release|Any CPU.ActiveCfg = Release|Any CPU
		{0B85597D-1EF6-496F-A750-F034E312B2D4}.Release|Any CPU.Build.0 = Release|Any CPU
		{0B85597D-1EF6-496F-A750-F034E312B2D4}.Release|x64.ActiveCfg = Release|Any CPU
		{0B85597D-1EF6-496F-A750-F034E312B2D4}.Release|x64.Build.0 = Release|Any CPU
		{0B85597D-1EF6-496F-A750-F034E312B2D4}.Release|x86.ActiveCfg = Release|Any CPU
		{0B85597D-1EF6-496F-A750-F034E312B2D4}.Release|x86.Build.0 = Release|Any CPU
		{C464B974-796E-4442-8BB5-68CF5421DD48}.Debug|Any CPU.ActiveCfg = Debug|Any CPU
		{C464B974-796E-4442-8BB5-68CF5421DD48}.Debug|Any CPU.Build.0 = Debug|Any CPU
		{C464B974-796E-4442-8BB5-68CF5421DD48}.Debug|x64.ActiveCfg = Debug|Any CPU
		{C464B974-796E-4442-8BB5-68CF5421DD48}.Debug|x64.Build.0 = Debug|Any CPU
		{C464B974-796E-4442-8BB5-68CF5421DD48}.Debug|x86.ActiveCfg = Debug|Any CPU
		{C464B974-796E-4442-8BB5-68CF5421DD48}.Debug|x86.Build.0 = Debug|Any CPU
		{C464B974-796E-4442-8BB5-68CF5421DD48}.Release|Any CPU.ActiveCfg = Release|Any CPU
		{C464B974-796E-4442-8BB5-68CF5421DD48}.Release|Any CPU.Build.0 = Release|Any CPU
		{C464B974-796E-4442-8BB5-68CF5421DD48}.Release|x64.ActiveCfg = Release|Any CPU
		{C464B974-796E-4442-8BB5-68CF5421DD48}.Release|x64.Build.0 = Release|Any CPU
		{C464B974-796E-4442-8BB5-68CF5421DD48}.Release|x86.ActiveCfg = Release|Any CPU
		{C464B974-796E-4442-8BB5-68CF5421DD48}.Release|x86.Build.0 = Release|Any CPU
		{5CFE739C-082A-4F82-BEA0-82285E9E5999}.Debug|Any CPU.ActiveCfg = Debug|Any CPU
		{5CFE739C-082A-4F82-BEA0-82285E9E5999}.Debug|Any CPU.Build.0 = Debug|Any CPU
		{5CFE739C-082A-4F82-BEA0-82285E9E5999}.Debug|x64.ActiveCfg = Debug|Any CPU
		{5CFE739C-082A-4F82-BEA0-82285E9E5999}.Debug|x64.Build.0 = Debug|Any CPU
		{5CFE739C-082A-4F82-BEA0-82285E9E5999}.Debug|x86.ActiveCfg = Debug|Any CPU
		{5CFE739C-082A-4F82-BEA0-82285E9E5999}.Debug|x86.Build.0 = Debug|Any CPU
		{5CFE739C-082A-4F82-BEA0-82285E9E5999}.Release|Any CPU.ActiveCfg = Release|Any CPU
		{5CFE739C-082A-4F82-BEA0-82285E9E5999}.Release|Any CPU.Build.0 = Release|Any CPU
		{5CFE739C-082A-4F82-BEA0-82285E9E5999}.Release|x64.ActiveCfg = Release|Any CPU
		{5CFE739C-082A-4F82-BEA0-82285E9E5999}.Release|x64.Build.0 = Release|Any CPU
		{5CFE739C-082A-4F82-BEA0-82285E9E5999}.Release|x86.ActiveCfg = Release|Any CPU
		{5CFE739C-082A-4F82-BEA0-82285E9E5999}.Release|x86.Build.0 = Release|Any CPU
	EndGlobalSection
	GlobalSection(SolutionProperties) = preSolution
		HideSolutionNode = FALSE
	EndGlobalSection
	GlobalSection(ExtensibilityGlobals) = postSolution
		SolutionGuid = {BAE3BC7C-24EB-400C-B715-CFDADAEDDBE8}
	EndGlobalSection
EndGlobal